
Microsoft Visual Studio Solution File, Format Version 12.00
# Visual Studio Version 16
VisualStudioVersion = 16.0.30711.63
MinimumVisualStudioVersion = 10.0.40219.1
Project("{FAE04EC0-301F-11D3-BF4B-00C04F79EFBC}") = "MultiThreadFileAnalyzer", "MultiThreadFileAnalyzer\MultiThreadFileAnalyzer.csproj", "{1755850F-154A-4FB7-815C-7CF7226A70CA}"
EndProject
Global
	GlobalSection(SolutionConfigurationPlatforms) = preSolution
		Debug|Any CPU = Debug|Any CPU
		Release|Any CPU = Release|Any CPU
	EndGlobalSection
	GlobalSection(ProjectConfigurationPlatforms) = postSolution
		{1755850F-154A-4FB7-815C-7CF7226A70CA}.Debug|Any CPU.ActiveCfg = Debug|Any CPU
		{1755850F-154A-4FB7-815C-7CF7226A70CA}.Debug|Any CPU.Build.0 = Debug|Any CPU
		{1755850F-154A-4FB7-815C-7CF7226A70CA}.Release|Any CPU.ActiveCfg = Release|Any CPU
		{1755850F-154A-4FB7-815C-7CF7226A70CA}.Release|Any CPU.Build.0 = Release|Any CPU
	EndGlobalSection
	GlobalSection(SolutionProperties) = preSolution
		HideSolutionNode = FALSE
	EndGlobalSection
	GlobalSection(ExtensibilityGlobals) = postSolution
		SolutionGuid = {BAFB7717-5D38-4EC2-8696-FA7115580BF0}
	EndGlobalSection
EndGlobal
